
Microsoft Visual Studio Solution File, Format Version 12.00
# Visual Studio Version 17
VisualStudioVersion = 17.2.32630.192
MinimumVisualStudioVersion = 10.0.40219.1
Project("{9A19103F-16F7-4668-BE54-9A1E7A4F7556}") = "FluentSqlKata", "FluentSqlKata\FluentSqlKata.csproj", "{903C89AA-9DE1-43FF-8451-2A77EE9BCD02}"
EndProject
Project("{9A19103F-16F7-4668-BE54-9A1E7A4F7556}") = "FluentSqlKata.Tests", "FluentSqlKata.Tests\FluentSqlKata.Tests.csproj", "{CBA6BDB5-AAC8-48C2-BDF4-18254FB52D09}"
EndProject
Project("{9A19103F-16F7-4668-BE54-9A1E7A4F7556}") = "FluentSqlKata.EFCore", "FluentSqlKata.EFCore\FluentSqlKata.EFCore.csproj", "{8A3A3FE0-F91D-415C-903E-CBB6D451C53D}"
EndProject
Global
	GlobalSection(SolutionConfigurationPlatforms) = preSolution
		Debug|Any CPU = Debug|Any CPU
		Release|Any CPU = Release|Any CPU
	EndGlobalSection
	GlobalSection(ProjectConfigurationPlatforms) = postSolution
		{903C89AA-9DE1-43FF-8451-2A77EE9BCD02}.Debug|Any CPU.ActiveCfg = Debug|Any CPU
		{903C89AA-9DE1-43FF-8451-2A77EE9BCD02}.Debug|Any CPU.Build.0 = Debug|Any CPU
		{903C89AA-9DE1-43FF-8451-2A77EE9BCD02}.Release|Any CPU.ActiveCfg = Release|Any CPU
		{903C89AA-9DE1-43FF-8451-2A77EE9BCD02}.Release|Any CPU.Build.0 = Release|Any CPU
		{CBA6BDB5-AAC8-48C2-BDF4-18254FB52D09}.Debug|Any CPU.ActiveCfg = Debug|Any CPU
		{CBA6BDB5-AAC8-48C2-BDF4-18254FB52D09}.Debug|Any CPU.Build.0 = Debug|Any CPU
		{CBA6BDB5-AAC8-48C2-BDF4-18254FB52D09}.Release|Any CPU.ActiveCfg = Release|Any CPU
		{CBA6BDB5-AAC8-48C2-BDF4-18254FB52D09}.Release|Any CPU.Build.0 = Release|Any CPU
		{8A3A3FE0-F91D-415C-903E-CBB6D451C53D}.Debug|Any CPU.ActiveCfg = Debug|Any CPU
		{8A3A3FE0-F91D-415C-903E-CBB6D451C53D}.Debug|Any CPU.Build.0 = Debug|Any CPU
		{8A3A3FE0-F91D-415C-903E-CBB6D451C53D}.Release|Any CPU.ActiveCfg = Release|Any CPU
		{8A3A3FE0-F91D-415C-903E-CBB6D451C53D}.Release|Any CPU.Build.0 = Release|Any CPU
	EndGlobalSection
	GlobalSection(SolutionProperties) = preSolution
		HideSolutionNode = FALSE
	EndGlobalSection
	GlobalSection(ExtensibilityGlobals) = postSolution
		SolutionGuid = {B892F75D-B942-4F8C-B849-734FC2A219BF}
	EndGlobalSection
EndGlobal
